
Microsoft Visual Studio Solution File, Format Version 12.00
# Visual Studio 15
VisualStudioVersion = 15.0.28307.960
MinimumVisualStudioVersion = 10.0.40219.1
Project("{9A19103F-16F7-4668-BE54-9A1E7A4F7556}") = "Sitecore.Commerce.Plugin.HeadlessOrdering", "Sitecore.Commerce.Plugin.HeadlessOrdering.csproj", "{3FE58473-1988-4D70-B37F-BCBF93C5693F}"
EndProject
Global
	GlobalSection(SolutionConfigurationPlatforms) = preSolution
		Debug|Any CPU = Debug|Any CPU
		Release|Any CPU = Release|Any CPU
	EndGlobalSection
	GlobalSection(ProjectConfigurationPlatforms) = postSolution
		{3FE58473-1988-4D70-B37F-BCBF93C5693F}.Debug|Any CPU.ActiveCfg = Debug|Any CPU
		{3FE58473-1988-4D70-B37F-BCBF93C5693F}.Debug|Any CPU.Build.0 = Debug|Any CPU
		{3FE58473-1988-4D70-B37F-BCBF93C5693F}.Release|Any CPU.ActiveCfg = Release|Any CPU
		{3FE58473-1988-4D70-B37F-BCBF93C5693F}.Release|Any CPU.Build.0 = Release|Any CPU
	EndGlobalSection
	GlobalSection(SolutionProperties) = preSolution
		HideSolutionNode = FALSE
	EndGlobalSection
	GlobalSection(ExtensibilityGlobals) = postSolution
		SolutionGuid = {7E5FB9C9-3C67-4EAF-BC2E-43CF438246DE}
	EndGlobalSection
EndGlobal
